
Microsoft Visual Studio Solution File, Format Version 12.00
# Visual Studio Version 17
VisualStudioVersion = 17.11.35312.102
MinimumVisualStudioVersion = 10.0.40219.1
Project("{FAE04EC0-301F-11D3-BF4B-00C04F79EFBC}") = "ExamManagementSystem", "ExamManagementSystem\ExamManagementSystem.csproj", "{28FAD2D3-3296-40FE-98FD-9ED875D99751}"
EndProject
Global
	GlobalSection(SolutionConfigurationPlatforms) = preSolution
		Debug|Any CPU = Debug|Any CPU
		Release|Any CPU = Release|Any CPU
	EndGlobalSection
	GlobalSection(ProjectConfigurationPlatforms) = postSolution
		{28FAD2D3-3296-40FE-98FD-9ED875D99751}.Debug|Any CPU.ActiveCfg = Debug|Any CPU
		{28FAD2D3-3296-40FE-98FD-9ED875D99751}.Debug|Any CPU.Build.0 = Debug|Any CPU
		{28FAD2D3-3296-40FE-98FD-9ED875D99751}.Release|Any CPU.ActiveCfg = Release|Any CPU
		{28FAD2D3-3296-40FE-98FD-9ED875D99751}.Release|Any CPU.Build.0 = Release|Any CPU
	EndGlobalSection
	GlobalSection(SolutionProperties) = preSolution
		HideSolutionNode = FALSE
	EndGlobalSection
	GlobalSection(ExtensibilityGlobals) = postSolution
		SolutionGuid = {8BCB89A4-AA04-4772-8A58-3ADB5DD0778B}
	EndGlobalSection
EndGlobal
